
Microsoft Visual Studio Solution File, Format Version 12.00
# Visual Studio 15
VisualStudioVersion = 15.0.27703.2018
MinimumVisualStudioVersion = 10.0.40219.1
Project("{FAE04EC0-301F-11D3-BF4B-00C04F79EFBC}") = "AspNetCoreProject", "AspNetCoreProject\AspNetCoreProject.csproj", "{1639E573-EA77-4CFA-B8CC-B22BF7CF1DCB}"
EndProject
Global
	GlobalSection(SolutionConfigurationPlatforms) = preSolution
		Debug|Any CPU = Debug|Any CPU
		Release|Any CPU = Release|Any CPU
	EndGlobalSection
	GlobalSection(ProjectConfigurationPlatforms) = postSolution
		{1639E573-EA77-4CFA-B8CC-B22BF7CF1DCB}.Debug|Any CPU.ActiveCfg = Debug|Any CPU
		{1639E573-EA77-4CFA-B8CC-B22BF7CF1DCB}.Debug|Any CPU.Build.0 = Debug|Any CPU
		{1639E573-EA77-4CFA-B8CC-B22BF7CF1DCB}.Release|Any CPU.ActiveCfg = Release|Any CPU
		{1639E573-EA77-4CFA-B8CC-B22BF7CF1DCB}.Release|Any CPU.Build.0 = Release|Any CPU
	EndGlobalSection
	GlobalSection(SolutionProperties) = preSolution
		HideSolutionNode = FALSE
	EndGlobalSection
	GlobalSection(ExtensibilityGlobals) = postSolution
		SolutionGuid = {E6D4118F-86C4-4DD8-8F1C-81E80B4AFD19}
	EndGlobalSection
EndGlobal
